
Microsoft Visual Studio Solution File, Format Version 12.00
# Visual Studio Version 17
VisualStudioVersion = 17.5.33516.290
MinimumVisualStudioVersion = 10.0.40219.1
Project("{FAE04EC0-301F-11D3-BF4B-00C04F79EFBC}") = "Password.Tests", "Password.Tests\Password.Tests.csproj", "{F3F5B605-9AA3-4E78-86C1-7869D630F5F0}"
EndProject
Global
	GlobalSection(SolutionConfigurationPlatforms) = preSolution
		Debug|Any CPU = Debug|Any CPU
		Release|Any CPU = Release|Any CPU
	EndGlobalSection
	GlobalSection(ProjectConfigurationPlatforms) = postSolution
		{F3F5B605-9AA3-4E78-86C1-7869D630F5F0}.Debug|Any CPU.ActiveCfg = Debug|Any CPU
		{F3F5B605-9AA3-4E78-86C1-7869D630F5F0}.Debug|Any CPU.Build.0 = Debug|Any CPU
		{F3F5B605-9AA3-4E78-86C1-7869D630F5F0}.Release|Any CPU.ActiveCfg = Release|Any CPU
		{F3F5B605-9AA3-4E78-86C1-7869D630F5F0}.Release|Any CPU.Build.0 = Release|Any CPU
	EndGlobalSection
	GlobalSection(SolutionProperties) = preSolution
		HideSolutionNode = FALSE
	EndGlobalSection
	GlobalSection(ExtensibilityGlobals) = postSolution
		SolutionGuid = {1F45C806-09C6-4F9E-98E1-FBAAA2E8858C}
	EndGlobalSection
EndGlobal
